
Microsoft Visual Studio Solution File, Format Version 12.00
# Visual Studio 14
VisualStudioVersion = 14.0.25420.1
MinimumVisualStudioVersion = 10.0.40219.1
Project("{FAE04EC0-301F-11D3-BF4B-00C04F79EFBC}") = "Omnius.Collections", "Omnius\Omnius.Collections\Omnius.Collections.csproj", "{197C654F-2461-446A-B531-4A789F14BE19}"
EndProject
Project("{FAE04EC0-301F-11D3-BF4B-00C04F79EFBC}") = "Omnius.Configuration", "Omnius\Omnius.Configuration\Omnius.Configuration.csproj", "{9AA70F88-4A83-4B3F-B494-7D37EA95766A}"
EndProject
Project("{FAE04EC0-301F-11D3-BF4B-00C04F79EFBC}") = "Omnius.Io", "Omnius\Omnius.Io\Omnius.Io.csproj", "{74597E45-7F3C-4958-8B6A-B16DE8DE47B9}"
EndProject
Project("{FAE04EC0-301F-11D3-BF4B-00C04F79EFBC}") = "Omnius.Net", "Omnius\Omnius.Net\Omnius.Net.csproj", "{7CFDE01D-4A0E-4E10-ACC2-34DB897DBE0F}"
EndProject
Project("{FAE04EC0-301F-11D3-BF4B-00C04F79EFBC}") = "Omnius.Net.Proxy", "Omnius\Omnius.Net.Proxy\Omnius.Net.Proxy.csproj", "{56EB350E-089E-40BB-97CB-F2745A4251AE}"
EndProject
Project("{FAE04EC0-301F-11D3-BF4B-00C04F79EFBC}") = "Omnius.Net.Upnp", "Omnius\Omnius.Net.Upnp\Omnius.Net.Upnp.csproj", "{7688AECF-92BD-4212-AAD8-6CD6D42BA6E3}"
EndProject
Project("{FAE04EC0-301F-11D3-BF4B-00C04F79EFBC}") = "Omnius.Security", "Omnius\Omnius.Security\Omnius.Security.csproj", "{D314C626-A6FC-4FD5-BE3C-9D36C2738418}"
EndProject
Project("{FAE04EC0-301F-11D3-BF4B-00C04F79EFBC}") = "Omnius.Update", "Omnius\Omnius.Update\Omnius.Update.csproj", "{5D842D8A-5BFE-4D68-956B-E1E690EDB48A}"
EndProject
Project("{FAE04EC0-301F-11D3-BF4B-00C04F79EFBC}") = "Omnius.Net.I2p", "Omnius\Omnius.Net.I2p\Omnius.Net.I2p.csproj", "{24DC1835-CC3D-4D29-B922-199027EC551F}"
EndProject
Project("{FAE04EC0-301F-11D3-BF4B-00C04F79EFBC}") = "Omnius.Tools", "Omnius\Omnius.Tools\Omnius.Tools.csproj", "{B4424312-441E-4B12-9278-D640CDABD99B}"
EndProject
Project("{D954291E-2A0B-460D-934E-DC6B0785DB48}") = "Omnius.Utilities", "Omnius\Omnius.Utilities\Omnius.Utilities.shproj", "{0F585D24-9D81-4C31-A341-966A554B3800}"
EndProject
Project("{FAE04EC0-301F-11D3-BF4B-00C04F79EFBC}") = "Omnius.Messaging", "Omnius\Omnius.Messaging\Omnius.Messaging.csproj", "{8617B9AE-BCBF-4F85-A09C-4DAF0DBB9614}"
EndProject
Project("{FAE04EC0-301F-11D3-BF4B-00C04F79EFBC}") = "Omnius.Base", "Omnius\Omnius.Base\Omnius.Base.csproj", "{63EADC1F-9A8A-4945-A562-DA666D0BCB7B}"
EndProject
Project("{FAE04EC0-301F-11D3-BF4B-00C04F79EFBC}") = "Omnius.Correction", "Omnius\Omnius.Correction\Omnius.Correction.csproj", "{A8AD7B39-85FC-4ABF-9D04-5E1241CD79B3}"
EndProject
Project("{FAE04EC0-301F-11D3-BF4B-00C04F79EFBC}") = "Omnius.Serialization", "Omnius\Omnius.Serialization\Omnius.Serialization.csproj", "{0C3F6508-1567-44FE-A0C8-AA8CB52EDB51}"
EndProject
Project("{FAE04EC0-301F-11D3-BF4B-00C04F79EFBC}") = "Amoeba.Interface", "Amoeba.Interface\Amoeba.Interface.csproj", "{19E45677-BD12-4F48-8C19-87E60B7CBA36}"
EndProject
Project("{FAE04EC0-301F-11D3-BF4B-00C04F79EFBC}") = "Amoeba.Service", "Amoeba.Service\Amoeba.Service.csproj", "{8796EE1C-25D5-483E-B273-A17710A61259}"
EndProject
Project("{FAE04EC0-301F-11D3-BF4B-00C04F79EFBC}") = "Amoeba.Core", "Amoeba.Core\Amoeba.Core.csproj", "{82230C99-6599-4130-AAC9-FC926ABC0724}"
EndProject
Project("{FAE04EC0-301F-11D3-BF4B-00C04F79EFBC}") = "Amoeba.UnitTest", "Amoeba.UnitTest\Amoeba.UnitTest.csproj", "{57DB853D-6357-4621-965B-EDDDD7955376}"
EndProject
Global
	GlobalSection(SharedMSBuildProjectFiles) = preSolution
		Omnius\Omnius.Utilities\Omnius.Utilities.projitems*{0f585d24-9d81-4c31-a341-966a554b3800}*SharedItemsImports = 13
		Omnius\Omnius.Utilities\Omnius.Utilities.projitems*{82230c99-6599-4130-aac9-fc926abc0724}*SharedItemsImports = 4
		Omnius\Omnius.Utilities\Omnius.Utilities.projitems*{8796ee1c-25d5-483e-b273-a17710a61259}*SharedItemsImports = 4
		Omnius\Omnius.Utilities\Omnius.Utilities.projitems*{d314c626-a6fc-4fd5-be3c-9d36c2738418}*SharedItemsImports = 4
	EndGlobalSection
	GlobalSection(SolutionConfigurationPlatforms) = preSolution
		Debug|Any CPU = Debug|Any CPU
		Release|Any CPU = Release|Any CPU
	EndGlobalSection
	GlobalSection(ProjectConfigurationPlatforms) = postSolution
		{197C654F-2461-446A-B531-4A789F14BE19}.Debug|Any CPU.ActiveCfg = Debug|Any CPU
		{197C654F-2461-446A-B531-4A789F14BE19}.Debug|Any CPU.Build.0 = Debug|Any CPU
		{197C654F-2461-446A-B531-4A789F14BE19}.Release|Any CPU.ActiveCfg = Release|Any CPU
		{197C654F-2461-446A-B531-4A789F14BE19}.Release|Any CPU.Build.0 = Release|Any CPU
		{9AA70F88-4A83-4B3F-B494-7D37EA95766A}.Debug|Any CPU.ActiveCfg = Debug|Any CPU
		{9AA70F88-4A83-4B3F-B494-7D37EA95766A}.Debug|Any CPU.Build.0 = Debug|Any CPU
		{9AA70F88-4A83-4B3F-B494-7D37EA95766A}.Release|Any CPU.ActiveCfg = Release|Any CPU
		{9AA70F88-4A83-4B3F-B494-7D37EA95766A}.Release|Any CPU.Build.0 = Release|Any CPU
		{74597E45-7F3C-4958-8B6A-B16DE8DE47B9}.Debug|Any CPU.ActiveCfg = Debug|Any CPU
		{74597E45-7F3C-4958-8B6A-B16DE8DE47B9}.Debug|Any CPU.Build.0 = Debug|Any CPU
		{74597E45-7F3C-4958-8B6A-B16DE8DE47B9}.Release|Any CPU.ActiveCfg = Release|Any CPU
		{74597E45-7F3C-4958-8B6A-B16DE8DE47B9}.Release|Any CPU.Build.0 = Release|Any CPU
		{7CFDE01D-4A0E-4E10-ACC2-34DB897DBE0F}.Debug|Any CPU.ActiveCfg = Debug|Any CPU
		{7CFDE01D-4A0E-4E10-ACC2-34DB897DBE0F}.Debug|Any CPU.Build.0 = Debug|Any CPU
		{7CFDE01D-4A0E-4E10-ACC2-34DB897DBE0F}.Release|Any CPU.ActiveCfg = Release|Any CPU
		{7CFDE01D-4A0E-4E10-ACC2-34DB897DBE0F}.Release|Any CPU.Build.0 = Release|Any CPU
		{56EB350E-089E-40BB-97CB-F2745A4251AE}.Debug|Any CPU.ActiveCfg = Debug|Any CPU
		{56EB350E-089E-40BB-97CB-F2745A4251AE}.Debug|Any CPU.Build.0 = Debug|Any CPU
		{56EB350E-089E-40BB-97CB-F2745A4251AE}.Release|Any CPU.ActiveCfg = Release|Any CPU
		{56EB350E-089E-40BB-97CB-F2745A4251AE}.Release|Any CPU.Build.0 = Release|Any CPU
		{7688AECF-92BD-4212-AAD8-6CD6D42BA6E3}.Debug|Any CPU.ActiveCfg = Debug|Any CPU
		{7688AECF-92BD-4212-AAD8-6CD6D42BA6E3}.Debug|Any CPU.Build.0 = Debug|Any CPU
		{7688AECF-92BD-4212-AAD8-6CD6D42BA6E3}.Release|Any CPU.ActiveCfg = Release|Any CPU
		{7688AECF-92BD-4212-AAD8-6CD6D42BA6E3}.Release|Any CPU.Build.0 = Release|Any CPU
		{D314C626-A6FC-4FD5-BE3C-9D36C2738418}.Debug|Any CPU.ActiveCfg = Debug|Any CPU
		{D314C626-A6FC-4FD5-BE3C-9D36C2738418}.Debug|Any CPU.Build.0 = Debug|Any CPU
		{D314C626-A6FC-4FD5-BE3C-9D36C2738418}.Release|Any CPU.ActiveCfg = Release|Any CPU
		{D314C626-A6FC-4FD5-BE3C-9D36C2738418}.Release|Any CPU.Build.0 = Release|Any CPU
		{5D842D8A-5BFE-4D68-956B-E1E690EDB48A}.Debug|Any CPU.ActiveCfg = Debug|Any CPU
		{5D842D8A-5BFE-4D68-956B-E1E690EDB48A}.Debug|Any CPU.Build.0 = Debug|Any CPU
		{5D842D8A-5BFE-4D68-956B-E1E690EDB48A}.Release|Any CPU.ActiveCfg = Release|Any CPU
		{5D842D8A-5BFE-4D68-956B-E1E690EDB48A}.Release|Any CPU.Build.0 = Release|Any CPU
		{24DC1835-CC3D-4D29-B922-199027EC551F}.Debug|Any CPU.ActiveCfg = Debug|Any CPU
		{24DC1835-CC3D-4D29-B922-199027EC551F}.Debug|Any CPU.Build.0 = Debug|Any CPU
		{24DC1835-CC3D-4D29-B922-199027EC551F}.Release|Any CPU.ActiveCfg = Release|Any CPU
		{24DC1835-CC3D-4D29-B922-199027EC551F}.Release|Any CPU.Build.0 = Release|Any CPU
		{B4424312-441E-4B12-9278-D640CDABD99B}.Debug|Any CPU.ActiveCfg = Debug|Any CPU
		{B4424312-441E-4B12-9278-D640CDABD99B}.Debug|Any CPU.Build.0 = Debug|Any CPU
		{B4424312-441E-4B12-9278-D640CDABD99B}.Release|Any CPU.ActiveCfg = Release|Any CPU
		{B4424312-441E-4B12-9278-D640CDABD99B}.Release|Any CPU.Build.0 = Release|Any CPU
		{8617B9AE-BCBF-4F85-A09C-4DAF0DBB9614}.Debug|Any CPU.ActiveCfg = Debug|Any CPU
		{8617B9AE-BCBF-4F85-A09C-4DAF0DBB9614}.Debug|Any CPU.Build.0 = Debug|Any CPU
		{8617B9AE-BCBF-4F85-A09C-4DAF0DBB9614}.Release|Any CPU.ActiveCfg = Release|Any CPU
		{8617B9AE-BCBF-4F85-A09C-4DAF0DBB9614}.Release|Any CPU.Build.0 = Release|Any CPU
		{63EADC1F-9A8A-4945-A562-DA666D0BCB7B}.Debug|Any CPU.ActiveCfg = Debug|Any CPU
		{63EADC1F-9A8A-4945-A562-DA666D0BCB7B}.Debug|Any CPU.Build.0 = Debug|Any CPU
		{63EADC1F-9A8A-4945-A562-DA666D0BCB7B}.Release|Any CPU.ActiveCfg = Release|Any CPU
		{63EADC1F-9A8A-4945-A562-DA666D0BCB7B}.Release|Any CPU.Build.0 = Release|Any CPU
		{A8AD7B39-85FC-4ABF-9D04-5E1241CD79B3}.Debug|Any CPU.ActiveCfg = Debug|Any CPU
		{A8AD7B39-85FC-4ABF-9D04-5E1241CD79B3}.Debug|Any CPU.Build.0 = Debug|Any CPU
		{A8AD7B39-85FC-4ABF-9D04-5E1241CD79B3}.Release|Any CPU.ActiveCfg = Release|Any CPU
		{A8AD7B39-85FC-4ABF-9D04-5E1241CD79B3}.Release|Any CPU.Build.0 = Release|Any CPU
		{0C3F6508-1567-44FE-A0C8-AA8CB52EDB51}.Debug|Any CPU.ActiveCfg = Debug|Any CPU
		{0C3F6508-1567-44FE-A0C8-AA8CB52EDB51}.Debug|Any CPU.Build.0 = Debug|Any CPU
		{0C3F6508-1567-44FE-A0C8-AA8CB52EDB51}.Release|Any CPU.ActiveCfg = Release|Any CPU
		{0C3F6508-1567-44FE-A0C8-AA8CB52EDB51}.Release|Any CPU.Build.0 = Release|Any CPU
		{19E45677-BD12-4F48-8C19-87E60B7CBA36}.Debug|Any CPU.ActiveCfg = Debug|Any CPU
		{19E45677-BD12-4F48-8C19-87E60B7CBA36}.Debug|Any CPU.Build.0 = Debug|Any CPU
		{19E45677-BD12-4F48-8C19-87E60B7CBA36}.Release|Any CPU.ActiveCfg = Release|Any CPU
		{19E45677-BD12-4F48-8C19-87E60B7CBA36}.Release|Any CPU.Build.0 = Release|Any CPU
		{8796EE1C-25D5-483E-B273-A17710A61259}.Debug|Any CPU.ActiveCfg = Debug|Any CPU
		{8796EE1C-25D5-483E-B273-A17710A61259}.Debug|Any CPU.Build.0 = Debug|Any CPU
		{8796EE1C-25D5-483E-B273-A17710A61259}.Release|Any CPU.ActiveCfg = Release|Any CPU
		{8796EE1C-25D5-483E-B273-A17710A61259}.Release|Any CPU.Build.0 = Release|Any CPU
		{82230C99-6599-4130-AAC9-FC926ABC0724}.Debug|Any CPU.ActiveCfg = Debug|Any CPU
		{82230C99-6599-4130-AAC9-FC926ABC0724}.Debug|Any CPU.Build.0 = Debug|Any CPU
		{82230C99-6599-4130-AAC9-FC926ABC0724}.Release|Any CPU.ActiveCfg = Release|Any CPU
		{82230C99-6599-4130-AAC9-FC926ABC0724}.Release|Any CPU.Build.0 = Release|Any CPU
		{57DB853D-6357-4621-965B-EDDDD7955376}.Debug|Any CPU.ActiveCfg = Debug|Any CPU
		{57DB853D-6357-4621-965B-EDDDD7955376}.Debug|Any CPU.Build.0 = Debug|Any CPU
		{57DB853D-6357-4621-965B-EDDDD7955376}.Release|Any CPU.ActiveCfg = Release|Any CPU
		{57DB853D-6357-4621-965B-EDDDD7955376}.Release|Any CPU.Build.0 = Release|Any CPU
	EndGlobalSection
	GlobalSection(SolutionProperties) = preSolution
		HideSolutionNode = FALSE
	EndGlobalSection
EndGlobal
