
Microsoft Visual Studio Solution File, Format Version 12.00
# Blend for Visual Studio 15
VisualStudioVersion = 15.0.26228.0
MinimumVisualStudioVersion = 10.0.40219.1
Project("{2150E333-8FDC-42A3-9474-1A3956D46DE8}") = "Omnius", "Omnius", "{E6A49293-3102-455F-98F4-B572ADFFE2EA}"
EndProject
Project("{FAE04EC0-301F-11D3-BF4B-00C04F79EFBC}") = "Omnius.Base", "Omnius\Omnius.Base\Omnius.Base.csproj", "{DBFD22CE-159B-4DB0-8052-111686395656}"
EndProject
Project("{FAE04EC0-301F-11D3-BF4B-00C04F79EFBC}") = "Omnius.Collections", "Omnius\Omnius.Collections\Omnius.Collections.csproj", "{247F38B8-90E9-4E9D-A938-8E11812E411C}"
EndProject
Project("{FAE04EC0-301F-11D3-BF4B-00C04F79EFBC}") = "Omnius.Correction", "Omnius\Omnius.Correction\Omnius.Correction.csproj", "{CBE313C0-AB44-48E4-BD43-DA36D5A7EB5E}"
EndProject
Project("{FAE04EC0-301F-11D3-BF4B-00C04F79EFBC}") = "Omnius.Io", "Omnius\Omnius.Io\Omnius.Io.csproj", "{FCF17FB0-F23A-4EBA-B150-FFDA35627AA1}"
EndProject
Project("{FAE04EC0-301F-11D3-BF4B-00C04F79EFBC}") = "Omnius.Messaging", "Omnius\Omnius.Messaging\Omnius.Messaging.csproj", "{E25CAC1D-D9C2-4F34-B270-7AA309E3EBEC}"
EndProject
Project("{FAE04EC0-301F-11D3-BF4B-00C04F79EFBC}") = "Omnius.Net", "Omnius\Omnius.Net\Omnius.Net.csproj", "{E01C79B7-A79F-41D8-9C0B-00228602F356}"
EndProject
Project("{FAE04EC0-301F-11D3-BF4B-00C04F79EFBC}") = "Omnius.Net.I2p", "Omnius\Omnius.Net.I2p\Omnius.Net.I2p.csproj", "{172183AF-A62D-4D91-9973-F3718441FCEF}"
EndProject
Project("{FAE04EC0-301F-11D3-BF4B-00C04F79EFBC}") = "Omnius.Net.Upnp", "Omnius\Omnius.Net.Upnp\Omnius.Net.Upnp.csproj", "{E3EA88A5-FCF9-48E9-8572-59D85FA46C01}"
EndProject
Project("{FAE04EC0-301F-11D3-BF4B-00C04F79EFBC}") = "Omnius.Security", "Omnius\Omnius.Security\Omnius.Security.csproj", "{0A55926D-70CE-41BA-A838-99937A3B219D}"
EndProject
Project("{FAE04EC0-301F-11D3-BF4B-00C04F79EFBC}") = "Omnius.Serialization", "Omnius\Omnius.Serialization\Omnius.Serialization.csproj", "{CC9C486E-838D-478E-A89B-79DFC5524274}"
EndProject
Project("{D954291E-2A0B-460D-934E-DC6B0785DB48}") = "Omnius.Utilities", "Omnius\Omnius.Utilities\Omnius.Utilities.shproj", "{EA43E2B5-9B8A-4003-8B5E-E8093E3E7708}"
EndProject
Project("{FAE04EC0-301F-11D3-BF4B-00C04F79EFBC}") = "Omnius.Configuration", "Omnius\Omnius.Configuration\Omnius.Configuration.csproj", "{47EB59D3-5A52-4F50-92EF-5878643929B8}"
EndProject
Project("{FAE04EC0-301F-11D3-BF4B-00C04F79EFBC}") = "Omnius.Net.Proxy", "Omnius\Omnius.Net.Proxy\Omnius.Net.Proxy.csproj", "{55B34959-925A-46F9-A2DC-809E58479277}"
EndProject
Project("{FAE04EC0-301F-11D3-BF4B-00C04F79EFBC}") = "Amoeba.Tests", "Amoeba.Tests\Amoeba.Tests.csproj", "{97384E62-4AFF-408E-9DBF-B058585BBB3A}"
EndProject
Project("{FAE04EC0-301F-11D3-BF4B-00C04F79EFBC}") = "Amoeba.Simulation", "Amoeba.Simulation\Amoeba.Simulation.csproj", "{A84BC62E-A1D9-4114-9EE0-25AE0562AB02}"
EndProject
Project("{FAE04EC0-301F-11D3-BF4B-00C04F79EFBC}") = "Amoeba.Core", "Amoeba.Core\Amoeba.Core.csproj", "{4A98D6CB-93D3-4665-A169-A9F7096A82F5}"
EndProject
Project("{FAE04EC0-301F-11D3-BF4B-00C04F79EFBC}") = "Omnius.Wpf", "Omnius\Omnius.Wpf\Omnius.Wpf.csproj", "{4636E8E7-CEA8-48F4-BBD8-DDDC2E20C5FA}"
EndProject
Project("{FAE04EC0-301F-11D3-BF4B-00C04F79EFBC}") = "Amoeba.Service", "Amoeba.Service\Amoeba.Service.csproj", "{7D516C9F-7D8A-4166-8D12-D6AF798F6DA9}"
EndProject
Project("{FAE04EC0-301F-11D3-BF4B-00C04F79EFBC}") = "Amoeba.Interface", "Amoeba.Interface\Amoeba.Interface.csproj", "{19E45677-BD12-4F48-8C19-87E60B7CBA36}"
EndProject
Global
	GlobalSection(SharedMSBuildProjectFiles) = preSolution
		Omnius\Omnius.Utilities\Omnius.Utilities.projitems*{0a55926d-70ce-41ba-a838-99937a3b219d}*SharedItemsImports = 4
		Omnius\Omnius.Utilities\Omnius.Utilities.projitems*{4a98d6cb-93d3-4665-a169-a9f7096a82f5}*SharedItemsImports = 4
		Omnius\Omnius.Utilities\Omnius.Utilities.projitems*{7d516c9f-7d8a-4166-8d12-d6af798f6da9}*SharedItemsImports = 4
		Omnius\Omnius.Utilities\Omnius.Utilities.projitems*{ea43e2b5-9b8a-4003-8b5e-e8093e3e7708}*SharedItemsImports = 13
	EndGlobalSection
	GlobalSection(SolutionConfigurationPlatforms) = preSolution
		Debug|Any CPU = Debug|Any CPU
		Release|Any CPU = Release|Any CPU
	EndGlobalSection
	GlobalSection(ProjectConfigurationPlatforms) = postSolution
		{DBFD22CE-159B-4DB0-8052-111686395656}.Debug|Any CPU.ActiveCfg = Debug|Any CPU
		{DBFD22CE-159B-4DB0-8052-111686395656}.Debug|Any CPU.Build.0 = Debug|Any CPU
		{DBFD22CE-159B-4DB0-8052-111686395656}.Release|Any CPU.ActiveCfg = Release|Any CPU
		{DBFD22CE-159B-4DB0-8052-111686395656}.Release|Any CPU.Build.0 = Release|Any CPU
		{247F38B8-90E9-4E9D-A938-8E11812E411C}.Debug|Any CPU.ActiveCfg = Debug|Any CPU
		{247F38B8-90E9-4E9D-A938-8E11812E411C}.Debug|Any CPU.Build.0 = Debug|Any CPU
		{247F38B8-90E9-4E9D-A938-8E11812E411C}.Release|Any CPU.ActiveCfg = Release|Any CPU
		{247F38B8-90E9-4E9D-A938-8E11812E411C}.Release|Any CPU.Build.0 = Release|Any CPU
		{CBE313C0-AB44-48E4-BD43-DA36D5A7EB5E}.Debug|Any CPU.ActiveCfg = Debug|Any CPU
		{CBE313C0-AB44-48E4-BD43-DA36D5A7EB5E}.Debug|Any CPU.Build.0 = Debug|Any CPU
		{CBE313C0-AB44-48E4-BD43-DA36D5A7EB5E}.Release|Any CPU.ActiveCfg = Release|Any CPU
		{CBE313C0-AB44-48E4-BD43-DA36D5A7EB5E}.Release|Any CPU.Build.0 = Release|Any CPU
		{FCF17FB0-F23A-4EBA-B150-FFDA35627AA1}.Debug|Any CPU.ActiveCfg = Debug|Any CPU
		{FCF17FB0-F23A-4EBA-B150-FFDA35627AA1}.Debug|Any CPU.Build.0 = Debug|Any CPU
		{FCF17FB0-F23A-4EBA-B150-FFDA35627AA1}.Release|Any CPU.ActiveCfg = Release|Any CPU
		{FCF17FB0-F23A-4EBA-B150-FFDA35627AA1}.Release|Any CPU.Build.0 = Release|Any CPU
		{E25CAC1D-D9C2-4F34-B270-7AA309E3EBEC}.Debug|Any CPU.ActiveCfg = Debug|Any CPU
		{E25CAC1D-D9C2-4F34-B270-7AA309E3EBEC}.Debug|Any CPU.Build.0 = Debug|Any CPU
		{E25CAC1D-D9C2-4F34-B270-7AA309E3EBEC}.Release|Any CPU.ActiveCfg = Release|Any CPU
		{E25CAC1D-D9C2-4F34-B270-7AA309E3EBEC}.Release|Any CPU.Build.0 = Release|Any CPU
		{E01C79B7-A79F-41D8-9C0B-00228602F356}.Debug|Any CPU.ActiveCfg = Debug|Any CPU
		{E01C79B7-A79F-41D8-9C0B-00228602F356}.Debug|Any CPU.Build.0 = Debug|Any CPU
		{E01C79B7-A79F-41D8-9C0B-00228602F356}.Release|Any CPU.ActiveCfg = Release|Any CPU
		{E01C79B7-A79F-41D8-9C0B-00228602F356}.Release|Any CPU.Build.0 = Release|Any CPU
		{172183AF-A62D-4D91-9973-F3718441FCEF}.Debug|Any CPU.ActiveCfg = Debug|Any CPU
		{172183AF-A62D-4D91-9973-F3718441FCEF}.Debug|Any CPU.Build.0 = Debug|Any CPU
		{172183AF-A62D-4D91-9973-F3718441FCEF}.Release|Any CPU.ActiveCfg = Release|Any CPU
		{172183AF-A62D-4D91-9973-F3718441FCEF}.Release|Any CPU.Build.0 = Release|Any CPU
		{E3EA88A5-FCF9-48E9-8572-59D85FA46C01}.Debug|Any CPU.ActiveCfg = Debug|Any CPU
		{E3EA88A5-FCF9-48E9-8572-59D85FA46C01}.Debug|Any CPU.Build.0 = Debug|Any CPU
		{E3EA88A5-FCF9-48E9-8572-59D85FA46C01}.Release|Any CPU.ActiveCfg = Release|Any CPU
		{E3EA88A5-FCF9-48E9-8572-59D85FA46C01}.Release|Any CPU.Build.0 = Release|Any CPU
		{0A55926D-70CE-41BA-A838-99937A3B219D}.Debug|Any CPU.ActiveCfg = Debug|Any CPU
		{0A55926D-70CE-41BA-A838-99937A3B219D}.Debug|Any CPU.Build.0 = Debug|Any CPU
		{0A55926D-70CE-41BA-A838-99937A3B219D}.Release|Any CPU.ActiveCfg = Release|Any CPU
		{0A55926D-70CE-41BA-A838-99937A3B219D}.Release|Any CPU.Build.0 = Release|Any CPU
		{CC9C486E-838D-478E-A89B-79DFC5524274}.Debug|Any CPU.ActiveCfg = Debug|Any CPU
		{CC9C486E-838D-478E-A89B-79DFC5524274}.Debug|Any CPU.Build.0 = Debug|Any CPU
		{CC9C486E-838D-478E-A89B-79DFC5524274}.Release|Any CPU.ActiveCfg = Release|Any CPU
		{CC9C486E-838D-478E-A89B-79DFC5524274}.Release|Any CPU.Build.0 = Release|Any CPU
		{47EB59D3-5A52-4F50-92EF-5878643929B8}.Debug|Any CPU.ActiveCfg = Debug|Any CPU
		{47EB59D3-5A52-4F50-92EF-5878643929B8}.Debug|Any CPU.Build.0 = Debug|Any CPU
		{47EB59D3-5A52-4F50-92EF-5878643929B8}.Release|Any CPU.ActiveCfg = Release|Any CPU
		{47EB59D3-5A52-4F50-92EF-5878643929B8}.Release|Any CPU.Build.0 = Release|Any CPU
		{55B34959-925A-46F9-A2DC-809E58479277}.Debug|Any CPU.ActiveCfg = Debug|Any CPU
		{55B34959-925A-46F9-A2DC-809E58479277}.Debug|Any CPU.Build.0 = Debug|Any CPU
		{55B34959-925A-46F9-A2DC-809E58479277}.Release|Any CPU.ActiveCfg = Release|Any CPU
		{55B34959-925A-46F9-A2DC-809E58479277}.Release|Any CPU.Build.0 = Release|Any CPU
		{97384E62-4AFF-408E-9DBF-B058585BBB3A}.Debug|Any CPU.ActiveCfg = Debug|Any CPU
		{97384E62-4AFF-408E-9DBF-B058585BBB3A}.Debug|Any CPU.Build.0 = Debug|Any CPU
		{97384E62-4AFF-408E-9DBF-B058585BBB3A}.Release|Any CPU.ActiveCfg = Release|Any CPU
		{97384E62-4AFF-408E-9DBF-B058585BBB3A}.Release|Any CPU.Build.0 = Release|Any CPU
		{A84BC62E-A1D9-4114-9EE0-25AE0562AB02}.Debug|Any CPU.ActiveCfg = Debug|Any CPU
		{A84BC62E-A1D9-4114-9EE0-25AE0562AB02}.Debug|Any CPU.Build.0 = Debug|Any CPU
		{A84BC62E-A1D9-4114-9EE0-25AE0562AB02}.Release|Any CPU.ActiveCfg = Release|Any CPU
		{A84BC62E-A1D9-4114-9EE0-25AE0562AB02}.Release|Any CPU.Build.0 = Release|Any CPU
		{4A98D6CB-93D3-4665-A169-A9F7096A82F5}.Debug|Any CPU.ActiveCfg = Debug|Any CPU
		{4A98D6CB-93D3-4665-A169-A9F7096A82F5}.Debug|Any CPU.Build.0 = Debug|Any CPU
		{4A98D6CB-93D3-4665-A169-A9F7096A82F5}.Release|Any CPU.ActiveCfg = Release|Any CPU
		{4A98D6CB-93D3-4665-A169-A9F7096A82F5}.Release|Any CPU.Build.0 = Release|Any CPU
		{4636E8E7-CEA8-48F4-BBD8-DDDC2E20C5FA}.Debug|Any CPU.ActiveCfg = Debug|Any CPU
		{4636E8E7-CEA8-48F4-BBD8-DDDC2E20C5FA}.Debug|Any CPU.Build.0 = Debug|Any CPU
		{4636E8E7-CEA8-48F4-BBD8-DDDC2E20C5FA}.Release|Any CPU.ActiveCfg = Release|Any CPU
		{4636E8E7-CEA8-48F4-BBD8-DDDC2E20C5FA}.Release|Any CPU.Build.0 = Release|Any CPU
		{7D516C9F-7D8A-4166-8D12-D6AF798F6DA9}.Debug|Any CPU.ActiveCfg = Debug|Any CPU
		{7D516C9F-7D8A-4166-8D12-D6AF798F6DA9}.Debug|Any CPU.Build.0 = Debug|Any CPU
		{7D516C9F-7D8A-4166-8D12-D6AF798F6DA9}.Release|Any CPU.ActiveCfg = Release|Any CPU
		{7D516C9F-7D8A-4166-8D12-D6AF798F6DA9}.Release|Any CPU.Build.0 = Release|Any CPU
		{19E45677-BD12-4F48-8C19-87E60B7CBA36}.Debug|Any CPU.ActiveCfg = Debug|Any CPU
		{19E45677-BD12-4F48-8C19-87E60B7CBA36}.Debug|Any CPU.Build.0 = Debug|Any CPU
		{19E45677-BD12-4F48-8C19-87E60B7CBA36}.Release|Any CPU.ActiveCfg = Release|Any CPU
		{19E45677-BD12-4F48-8C19-87E60B7CBA36}.Release|Any CPU.Build.0 = Release|Any CPU
	EndGlobalSection
	GlobalSection(SolutionProperties) = preSolution
		HideSolutionNode = FALSE
	EndGlobalSection
	GlobalSection(NestedProjects) = preSolution
		{DBFD22CE-159B-4DB0-8052-111686395656} = {E6A49293-3102-455F-98F4-B572ADFFE2EA}
		{247F38B8-90E9-4E9D-A938-8E11812E411C} = {E6A49293-3102-455F-98F4-B572ADFFE2EA}
		{CBE313C0-AB44-48E4-BD43-DA36D5A7EB5E} = {E6A49293-3102-455F-98F4-B572ADFFE2EA}
		{FCF17FB0-F23A-4EBA-B150-FFDA35627AA1} = {E6A49293-3102-455F-98F4-B572ADFFE2EA}
		{E25CAC1D-D9C2-4F34-B270-7AA309E3EBEC} = {E6A49293-3102-455F-98F4-B572ADFFE2EA}
		{E01C79B7-A79F-41D8-9C0B-00228602F356} = {E6A49293-3102-455F-98F4-B572ADFFE2EA}
		{172183AF-A62D-4D91-9973-F3718441FCEF} = {E6A49293-3102-455F-98F4-B572ADFFE2EA}
		{E3EA88A5-FCF9-48E9-8572-59D85FA46C01} = {E6A49293-3102-455F-98F4-B572ADFFE2EA}
		{0A55926D-70CE-41BA-A838-99937A3B219D} = {E6A49293-3102-455F-98F4-B572ADFFE2EA}
		{CC9C486E-838D-478E-A89B-79DFC5524274} = {E6A49293-3102-455F-98F4-B572ADFFE2EA}
		{EA43E2B5-9B8A-4003-8B5E-E8093E3E7708} = {E6A49293-3102-455F-98F4-B572ADFFE2EA}
		{47EB59D3-5A52-4F50-92EF-5878643929B8} = {E6A49293-3102-455F-98F4-B572ADFFE2EA}
		{55B34959-925A-46F9-A2DC-809E58479277} = {E6A49293-3102-455F-98F4-B572ADFFE2EA}
		{4636E8E7-CEA8-48F4-BBD8-DDDC2E20C5FA} = {E6A49293-3102-455F-98F4-B572ADFFE2EA}
	EndGlobalSection
EndGlobal
