
Microsoft Visual Studio Solution File, Format Version 12.00
# Visual Studio 15
VisualStudioVersion = 15.0.26730.12
MinimumVisualStudioVersion = 10.0.40219.1
Project("{9A19103F-16F7-4668-BE54-9A1E7A4F7556}") = "Omnius.Base", "Omnius\Omnius.Base\Omnius.Base.csproj", "{F164E4A3-3FA5-46AD-9CAE-759612E85C7F}"
EndProject
Project("{2150E333-8FDC-42A3-9474-1A3956D46DE8}") = "Omnius", "Omnius", "{400D9AB5-E157-4C52-AB2A-BC2C12E10C80}"
EndProject
Project("{9A19103F-16F7-4668-BE54-9A1E7A4F7556}") = "Omnius.Collections", "Omnius\Omnius.Collections\Omnius.Collections.csproj", "{73455C4C-EAB1-4BF8-9FE0-EABC9297024E}"
EndProject
Project("{9A19103F-16F7-4668-BE54-9A1E7A4F7556}") = "Omnius.Configuration", "Omnius\Omnius.Configuration\Omnius.Configuration.csproj", "{52057D32-125A-46A9-BC10-0581A1B286A7}"
EndProject
Project("{9A19103F-16F7-4668-BE54-9A1E7A4F7556}") = "Omnius.Correction", "Omnius\Omnius.Correction\Omnius.Correction.csproj", "{BABC0728-23BA-435F-97ED-EE14BDB72AD3}"
EndProject
Project("{9A19103F-16F7-4668-BE54-9A1E7A4F7556}") = "Omnius.Io", "Omnius\Omnius.Io\Omnius.Io.csproj", "{93B45C29-D39B-4903-8751-3BD226C3A002}"
EndProject
Project("{9A19103F-16F7-4668-BE54-9A1E7A4F7556}") = "Omnius.Messaging", "Omnius\Omnius.Messaging\Omnius.Messaging.csproj", "{15842552-BAC0-4CA0-A766-3EE84DF255DE}"
EndProject
Project("{9A19103F-16F7-4668-BE54-9A1E7A4F7556}") = "Omnius.Net", "Omnius\Omnius.Net\Omnius.Net.csproj", "{D3001435-D6CC-4072-9D30-44653E6FCE14}"
EndProject
Project("{9A19103F-16F7-4668-BE54-9A1E7A4F7556}") = "Omnius.Net.I2p", "Omnius\Omnius.Net.I2p\Omnius.Net.I2p.csproj", "{66DB4E78-9294-437E-BE5B-62D17FF0F0FF}"
EndProject
Project("{9A19103F-16F7-4668-BE54-9A1E7A4F7556}") = "Omnius.Net.Proxy", "Omnius\Omnius.Net.Proxy\Omnius.Net.Proxy.csproj", "{9B025BB6-4DEF-4342-9BAB-8113A0E6D49C}"
EndProject
Project("{9A19103F-16F7-4668-BE54-9A1E7A4F7556}") = "Omnius.Net.Upnp", "Omnius\Omnius.Net.Upnp\Omnius.Net.Upnp.csproj", "{DF64486D-68E0-4103-A6EF-B21EAA4FCD2C}"
EndProject
Project("{9A19103F-16F7-4668-BE54-9A1E7A4F7556}") = "Omnius.Security", "Omnius\Omnius.Security\Omnius.Security.csproj", "{BD01F0F1-A817-48A3-924D-4DD02B7A487D}"
EndProject
Project("{9A19103F-16F7-4668-BE54-9A1E7A4F7556}") = "Omnius.Serialization", "Omnius\Omnius.Serialization\Omnius.Serialization.csproj", "{3692ADEC-7685-4871-9D53-BE4B25DB3E9F}"
EndProject
Project("{9A19103F-16F7-4668-BE54-9A1E7A4F7556}") = "Amoeba.Messages", "Amoeba.Messages\Amoeba.Messages.csproj", "{D953AFFC-4A3D-4812-BB48-D5EBED0A9999}"
EndProject
Project("{9A19103F-16F7-4668-BE54-9A1E7A4F7556}") = "Amoeba.Service", "Amoeba.Service\Amoeba.Service.csproj", "{56B41897-ECD2-4534-9231-FABC75FEDC7C}"
EndProject
Project("{D954291E-2A0B-460D-934E-DC6B0785DB48}") = "Omnius.Utilities", "Omnius\Omnius.Utilities\Omnius.Utilities.shproj", "{EA43E2B5-9B8A-4003-8B5E-E8093E3E7708}"
EndProject
Project("{9A19103F-16F7-4668-BE54-9A1E7A4F7556}") = "Amoeba.Tests", "Amoeba.Tests\Amoeba.Tests.csproj", "{F293A39D-FDB9-4F2D-83DC-BE44EC4936E4}"
EndProject
Project("{9A19103F-16F7-4668-BE54-9A1E7A4F7556}") = "Amoeba.Rpc", "Amoeba.Rpc\Amoeba.Rpc.csproj", "{75A86D69-336B-4E0A-BDD2-3959AB6C8E20}"
EndProject
Project("{FAE04EC0-301F-11D3-BF4B-00C04F79EFBC}") = "Amoeba.Daemon", "Amoeba.Daemon\Amoeba.Daemon.csproj", "{2D6F4B13-DAC7-49DB-B400-055F766719EB}"
EndProject
Project("{9A19103F-16F7-4668-BE54-9A1E7A4F7556}") = "Omnius.Toml", "Omnius\Omnius.Toml\Omnius.Toml.csproj", "{3F5D72B2-7017-4B9D-A745-6C3E07E572E3}"
EndProject
Global
	GlobalSection(SharedMSBuildProjectFiles) = preSolution
		Omnius\Omnius.Utilities\Omnius.Utilities.projitems*{ea43e2b5-9b8a-4003-8b5e-e8093e3e7708}*SharedItemsImports = 13
	EndGlobalSection
	GlobalSection(SolutionConfigurationPlatforms) = preSolution
		Debug|Any CPU = Debug|Any CPU
		Release|Any CPU = Release|Any CPU
	EndGlobalSection
	GlobalSection(ProjectConfigurationPlatforms) = postSolution
		{F164E4A3-3FA5-46AD-9CAE-759612E85C7F}.Debug|Any CPU.ActiveCfg = Debug|Any CPU
		{F164E4A3-3FA5-46AD-9CAE-759612E85C7F}.Debug|Any CPU.Build.0 = Debug|Any CPU
		{F164E4A3-3FA5-46AD-9CAE-759612E85C7F}.Release|Any CPU.ActiveCfg = Release|Any CPU
		{F164E4A3-3FA5-46AD-9CAE-759612E85C7F}.Release|Any CPU.Build.0 = Release|Any CPU
		{73455C4C-EAB1-4BF8-9FE0-EABC9297024E}.Debug|Any CPU.ActiveCfg = Debug|Any CPU
		{73455C4C-EAB1-4BF8-9FE0-EABC9297024E}.Debug|Any CPU.Build.0 = Debug|Any CPU
		{73455C4C-EAB1-4BF8-9FE0-EABC9297024E}.Release|Any CPU.ActiveCfg = Release|Any CPU
		{73455C4C-EAB1-4BF8-9FE0-EABC9297024E}.Release|Any CPU.Build.0 = Release|Any CPU
		{52057D32-125A-46A9-BC10-0581A1B286A7}.Debug|Any CPU.ActiveCfg = Debug|Any CPU
		{52057D32-125A-46A9-BC10-0581A1B286A7}.Debug|Any CPU.Build.0 = Debug|Any CPU
		{52057D32-125A-46A9-BC10-0581A1B286A7}.Release|Any CPU.ActiveCfg = Release|Any CPU
		{52057D32-125A-46A9-BC10-0581A1B286A7}.Release|Any CPU.Build.0 = Release|Any CPU
		{BABC0728-23BA-435F-97ED-EE14BDB72AD3}.Debug|Any CPU.ActiveCfg = Debug|Any CPU
		{BABC0728-23BA-435F-97ED-EE14BDB72AD3}.Debug|Any CPU.Build.0 = Debug|Any CPU
		{BABC0728-23BA-435F-97ED-EE14BDB72AD3}.Release|Any CPU.ActiveCfg = Release|Any CPU
		{BABC0728-23BA-435F-97ED-EE14BDB72AD3}.Release|Any CPU.Build.0 = Release|Any CPU
		{93B45C29-D39B-4903-8751-3BD226C3A002}.Debug|Any CPU.ActiveCfg = Debug|Any CPU
		{93B45C29-D39B-4903-8751-3BD226C3A002}.Debug|Any CPU.Build.0 = Debug|Any CPU
		{93B45C29-D39B-4903-8751-3BD226C3A002}.Release|Any CPU.ActiveCfg = Release|Any CPU
		{93B45C29-D39B-4903-8751-3BD226C3A002}.Release|Any CPU.Build.0 = Release|Any CPU
		{15842552-BAC0-4CA0-A766-3EE84DF255DE}.Debug|Any CPU.ActiveCfg = Debug|Any CPU
		{15842552-BAC0-4CA0-A766-3EE84DF255DE}.Debug|Any CPU.Build.0 = Debug|Any CPU
		{15842552-BAC0-4CA0-A766-3EE84DF255DE}.Release|Any CPU.ActiveCfg = Release|Any CPU
		{15842552-BAC0-4CA0-A766-3EE84DF255DE}.Release|Any CPU.Build.0 = Release|Any CPU
		{D3001435-D6CC-4072-9D30-44653E6FCE14}.Debug|Any CPU.ActiveCfg = Debug|Any CPU
		{D3001435-D6CC-4072-9D30-44653E6FCE14}.Debug|Any CPU.Build.0 = Debug|Any CPU
		{D3001435-D6CC-4072-9D30-44653E6FCE14}.Release|Any CPU.ActiveCfg = Release|Any CPU
		{D3001435-D6CC-4072-9D30-44653E6FCE14}.Release|Any CPU.Build.0 = Release|Any CPU
		{66DB4E78-9294-437E-BE5B-62D17FF0F0FF}.Debug|Any CPU.ActiveCfg = Debug|Any CPU
		{66DB4E78-9294-437E-BE5B-62D17FF0F0FF}.Debug|Any CPU.Build.0 = Debug|Any CPU
		{66DB4E78-9294-437E-BE5B-62D17FF0F0FF}.Release|Any CPU.ActiveCfg = Release|Any CPU
		{66DB4E78-9294-437E-BE5B-62D17FF0F0FF}.Release|Any CPU.Build.0 = Release|Any CPU
		{9B025BB6-4DEF-4342-9BAB-8113A0E6D49C}.Debug|Any CPU.ActiveCfg = Debug|Any CPU
		{9B025BB6-4DEF-4342-9BAB-8113A0E6D49C}.Debug|Any CPU.Build.0 = Debug|Any CPU
		{9B025BB6-4DEF-4342-9BAB-8113A0E6D49C}.Release|Any CPU.ActiveCfg = Release|Any CPU
		{9B025BB6-4DEF-4342-9BAB-8113A0E6D49C}.Release|Any CPU.Build.0 = Release|Any CPU
		{DF64486D-68E0-4103-A6EF-B21EAA4FCD2C}.Debug|Any CPU.ActiveCfg = Debug|Any CPU
		{DF64486D-68E0-4103-A6EF-B21EAA4FCD2C}.Debug|Any CPU.Build.0 = Debug|Any CPU
		{DF64486D-68E0-4103-A6EF-B21EAA4FCD2C}.Release|Any CPU.ActiveCfg = Release|Any CPU
		{DF64486D-68E0-4103-A6EF-B21EAA4FCD2C}.Release|Any CPU.Build.0 = Release|Any CPU
		{BD01F0F1-A817-48A3-924D-4DD02B7A487D}.Debug|Any CPU.ActiveCfg = Debug|Any CPU
		{BD01F0F1-A817-48A3-924D-4DD02B7A487D}.Debug|Any CPU.Build.0 = Debug|Any CPU
		{BD01F0F1-A817-48A3-924D-4DD02B7A487D}.Release|Any CPU.ActiveCfg = Release|Any CPU
		{BD01F0F1-A817-48A3-924D-4DD02B7A487D}.Release|Any CPU.Build.0 = Release|Any CPU
		{3692ADEC-7685-4871-9D53-BE4B25DB3E9F}.Debug|Any CPU.ActiveCfg = Debug|Any CPU
		{3692ADEC-7685-4871-9D53-BE4B25DB3E9F}.Debug|Any CPU.Build.0 = Debug|Any CPU
		{3692ADEC-7685-4871-9D53-BE4B25DB3E9F}.Release|Any CPU.ActiveCfg = Release|Any CPU
		{3692ADEC-7685-4871-9D53-BE4B25DB3E9F}.Release|Any CPU.Build.0 = Release|Any CPU
		{D953AFFC-4A3D-4812-BB48-D5EBED0A9999}.Debug|Any CPU.ActiveCfg = Debug|Any CPU
		{D953AFFC-4A3D-4812-BB48-D5EBED0A9999}.Debug|Any CPU.Build.0 = Debug|Any CPU
		{D953AFFC-4A3D-4812-BB48-D5EBED0A9999}.Release|Any CPU.ActiveCfg = Release|Any CPU
		{D953AFFC-4A3D-4812-BB48-D5EBED0A9999}.Release|Any CPU.Build.0 = Release|Any CPU
		{56B41897-ECD2-4534-9231-FABC75FEDC7C}.Debug|Any CPU.ActiveCfg = Debug|Any CPU
		{56B41897-ECD2-4534-9231-FABC75FEDC7C}.Debug|Any CPU.Build.0 = Debug|Any CPU
		{56B41897-ECD2-4534-9231-FABC75FEDC7C}.Release|Any CPU.ActiveCfg = Release|Any CPU
		{56B41897-ECD2-4534-9231-FABC75FEDC7C}.Release|Any CPU.Build.0 = Release|Any CPU
		{F293A39D-FDB9-4F2D-83DC-BE44EC4936E4}.Debug|Any CPU.ActiveCfg = Debug|Any CPU
		{F293A39D-FDB9-4F2D-83DC-BE44EC4936E4}.Debug|Any CPU.Build.0 = Debug|Any CPU
		{F293A39D-FDB9-4F2D-83DC-BE44EC4936E4}.Release|Any CPU.ActiveCfg = Release|Any CPU
		{F293A39D-FDB9-4F2D-83DC-BE44EC4936E4}.Release|Any CPU.Build.0 = Release|Any CPU
		{75A86D69-336B-4E0A-BDD2-3959AB6C8E20}.Debug|Any CPU.ActiveCfg = Debug|Any CPU
		{75A86D69-336B-4E0A-BDD2-3959AB6C8E20}.Debug|Any CPU.Build.0 = Debug|Any CPU
		{75A86D69-336B-4E0A-BDD2-3959AB6C8E20}.Release|Any CPU.ActiveCfg = Release|Any CPU
		{75A86D69-336B-4E0A-BDD2-3959AB6C8E20}.Release|Any CPU.Build.0 = Release|Any CPU
		{2D6F4B13-DAC7-49DB-B400-055F766719EB}.Debug|Any CPU.ActiveCfg = Debug|Any CPU
		{2D6F4B13-DAC7-49DB-B400-055F766719EB}.Debug|Any CPU.Build.0 = Debug|Any CPU
		{2D6F4B13-DAC7-49DB-B400-055F766719EB}.Release|Any CPU.ActiveCfg = Release|Any CPU
		{2D6F4B13-DAC7-49DB-B400-055F766719EB}.Release|Any CPU.Build.0 = Release|Any CPU
		{3F5D72B2-7017-4B9D-A745-6C3E07E572E3}.Debug|Any CPU.ActiveCfg = Debug|Any CPU
		{3F5D72B2-7017-4B9D-A745-6C3E07E572E3}.Debug|Any CPU.Build.0 = Debug|Any CPU
		{3F5D72B2-7017-4B9D-A745-6C3E07E572E3}.Release|Any CPU.ActiveCfg = Release|Any CPU
		{3F5D72B2-7017-4B9D-A745-6C3E07E572E3}.Release|Any CPU.Build.0 = Release|Any CPU
	EndGlobalSection
	GlobalSection(SolutionProperties) = preSolution
		HideSolutionNode = FALSE
	EndGlobalSection
	GlobalSection(NestedProjects) = preSolution
		{F164E4A3-3FA5-46AD-9CAE-759612E85C7F} = {400D9AB5-E157-4C52-AB2A-BC2C12E10C80}
		{73455C4C-EAB1-4BF8-9FE0-EABC9297024E} = {400D9AB5-E157-4C52-AB2A-BC2C12E10C80}
		{52057D32-125A-46A9-BC10-0581A1B286A7} = {400D9AB5-E157-4C52-AB2A-BC2C12E10C80}
		{BABC0728-23BA-435F-97ED-EE14BDB72AD3} = {400D9AB5-E157-4C52-AB2A-BC2C12E10C80}
		{93B45C29-D39B-4903-8751-3BD226C3A002} = {400D9AB5-E157-4C52-AB2A-BC2C12E10C80}
		{15842552-BAC0-4CA0-A766-3EE84DF255DE} = {400D9AB5-E157-4C52-AB2A-BC2C12E10C80}
		{D3001435-D6CC-4072-9D30-44653E6FCE14} = {400D9AB5-E157-4C52-AB2A-BC2C12E10C80}
		{66DB4E78-9294-437E-BE5B-62D17FF0F0FF} = {400D9AB5-E157-4C52-AB2A-BC2C12E10C80}
		{9B025BB6-4DEF-4342-9BAB-8113A0E6D49C} = {400D9AB5-E157-4C52-AB2A-BC2C12E10C80}
		{DF64486D-68E0-4103-A6EF-B21EAA4FCD2C} = {400D9AB5-E157-4C52-AB2A-BC2C12E10C80}
		{BD01F0F1-A817-48A3-924D-4DD02B7A487D} = {400D9AB5-E157-4C52-AB2A-BC2C12E10C80}
		{3692ADEC-7685-4871-9D53-BE4B25DB3E9F} = {400D9AB5-E157-4C52-AB2A-BC2C12E10C80}
		{EA43E2B5-9B8A-4003-8B5E-E8093E3E7708} = {400D9AB5-E157-4C52-AB2A-BC2C12E10C80}
		{3F5D72B2-7017-4B9D-A745-6C3E07E572E3} = {400D9AB5-E157-4C52-AB2A-BC2C12E10C80}
	EndGlobalSection
	GlobalSection(ExtensibilityGlobals) = postSolution
		SolutionGuid = {FBB2F2E8-C090-44B1-AF8C-35F223656C19}
	EndGlobalSection
EndGlobal
